
Microsoft Visual Studio Solution File, Format Version 12.00
# Visual Studio Version 16
VisualStudioVersion = 16.0.31424.327
MinimumVisualStudioVersion = 10.0.40219.1
Project("{8BC9CEB8-8B4A-11D0-8D11-00A0C91BC942}") = "passwordGen", "passwordGen\passwordGen.vcxproj", "{074811E5-F8CE-4567-A005-56949E4A4566}"
EndProject
Global
	GlobalSection(SolutionConfigurationPlatforms) = preSolution
		Debug|x64 = Debug|x64
		Debug|x86 = Debug|x86
		Release|x64 = Release|x64
		Release|x86 = Release|x86
	EndGlobalSection
	GlobalSection(ProjectConfigurationPlatforms) = postSolution
		{074811E5-F8CE-4567-A005-56949E4A4566}.Debug|x64.ActiveCfg = Debug|x64
		{074811E5-F8CE-4567-A005-56949E4A4566}.Debug|x64.Build.0 = Debug|x64
		{074811E5-F8CE-4567-A005-56949E4A4566}.Debug|x86.ActiveCfg = Debug|Win32
		{074811E5-F8CE-4567-A005-56949E4A4566}.Debug|x86.Build.0 = Debug|Win32
		{074811E5-F8CE-4567-A005-56949E4A4566}.Release|x64.ActiveCfg = Release|x64
		{074811E5-F8CE-4567-A005-56949E4A4566}.Release|x64.Build.0 = Release|x64
		{074811E5-F8CE-4567-A005-56949E4A4566}.Release|x86.ActiveCfg = Release|Win32
		{074811E5-F8CE-4567-A005-56949E4A4566}.Release|x86.Build.0 = Release|Win32
	EndGlobalSection
	GlobalSection(SolutionProperties) = preSolution
		HideSolutionNode = FALSE
	EndGlobalSection
	GlobalSection(ExtensibilityGlobals) = postSolution
		SolutionGuid = {2A44EED0-E354-4AA2-8295-60CFE1FF21A7}
	EndGlobalSection
EndGlobal
